
Microsoft Visual Studio Solution File, Format Version 12.00
# Visual Studio Version 16
VisualStudioVersion = 16.0.29209.152
MinimumVisualStudioVersion = 10.0.40219.1
Project("{FAE04EC0-301F-11D3-BF4B-00C04F79EFBC}") = "Pact2.Android", "Pact2\Pact2.Android\Pact2.Android.csproj", "{82FE34DF-479C-4D79-83BB-4CE4FFDCCF68}"
EndProject
Project("{FAE04EC0-301F-11D3-BF4B-00C04F79EFBC}") = "Pact2.iOS", "Pact2\Pact2.iOS\Pact2.iOS.csproj", "{DEFC4EC5-394B-413A-860F-A85BE3CDA5F8}"
EndProject
Project("{FAE04EC0-301F-11D3-BF4B-00C04F79EFBC}") = "Pact2", "Pact2\Pact2\Pact2.csproj", "{EA9C87EF-1876-4FA8-BA9D-972ACCB7FAD1}"
EndProject
Global
	GlobalSection(SolutionConfigurationPlatforms) = preSolution
		Debug|Any CPU = Debug|Any CPU
		Debug|iPhone = Debug|iPhone
		Debug|iPhoneSimulator = Debug|iPhoneSimulator
		Release|Any CPU = Release|Any CPU
		Release|iPhone = Release|iPhone
		Release|iPhoneSimulator = Release|iPhoneSimulator
	EndGlobalSection
	GlobalSection(ProjectConfigurationPlatforms) = postSolution
		{82FE34DF-479C-4D79-83BB-4CE4FFDCCF68}.Debug|Any CPU.ActiveCfg = Debug|Any CPU
		{82FE34DF-479C-4D79-83BB-4CE4FFDCCF68}.Debug|Any CPU.Build.0 = Debug|Any CPU
		{82FE34DF-479C-4D79-83BB-4CE4FFDCCF68}.Debug|Any CPU.Deploy.0 = Debug|Any CPU
		{82FE34DF-479C-4D79-83BB-4CE4FFDCCF68}.Debug|iPhone.ActiveCfg = Debug|Any CPU
		{82FE34DF-479C-4D79-83BB-4CE4FFDCCF68}.Debug|iPhone.Build.0 = Debug|Any CPU
		{82FE34DF-479C-4D79-83BB-4CE4FFDCCF68}.Debug|iPhone.Deploy.0 = Debug|Any CPU
		{82FE34DF-479C-4D79-83BB-4CE4FFDCCF68}.Debug|iPhoneSimulator.ActiveCfg = Debug|Any CPU
		{82FE34DF-479C-4D79-83BB-4CE4FFDCCF68}.Debug|iPhoneSimulator.Build.0 = Debug|Any CPU
		{82FE34DF-479C-4D79-83BB-4CE4FFDCCF68}.Debug|iPhoneSimulator.Deploy.0 = Debug|Any CPU
		{82FE34DF-479C-4D79-83BB-4CE4FFDCCF68}.Release|Any CPU.ActiveCfg = Release|Any CPU
		{82FE34DF-479C-4D79-83BB-4CE4FFDCCF68}.Release|Any CPU.Build.0 = Release|Any CPU
		{82FE34DF-479C-4D79-83BB-4CE4FFDCCF68}.Release|Any CPU.Deploy.0 = Release|Any CPU
		{82FE34DF-479C-4D79-83BB-4CE4FFDCCF68}.Release|iPhone.ActiveCfg = Release|Any CPU
		{82FE34DF-479C-4D79-83BB-4CE4FFDCCF68}.Release|iPhone.Build.0 = Release|Any CPU
		{82FE34DF-479C-4D79-83BB-4CE4FFDCCF68}.Release|iPhone.Deploy.0 = Release|Any CPU
		{82FE34DF-479C-4D79-83BB-4CE4FFDCCF68}.Release|iPhoneSimulator.ActiveCfg = Release|Any CPU
		{82FE34DF-479C-4D79-83BB-4CE4FFDCCF68}.Release|iPhoneSimulator.Build.0 = Release|Any CPU
		{82FE34DF-479C-4D79-83BB-4CE4FFDCCF68}.Release|iPhoneSimulator.Deploy.0 = Release|Any CPU
		{DEFC4EC5-394B-413A-860F-A85BE3CDA5F8}.Debug|Any CPU.ActiveCfg = Debug|iPhoneSimulator
		{DEFC4EC5-394B-413A-860F-A85BE3CDA5F8}.Debug|Any CPU.Build.0 = Debug|iPhoneSimulator
		{DEFC4EC5-394B-413A-860F-A85BE3CDA5F8}.Debug|Any CPU.Deploy.0 = Debug|iPhoneSimulator
		{DEFC4EC5-394B-413A-860F-A85BE3CDA5F8}.Debug|iPhone.ActiveCfg = Debug|iPhone
		{DEFC4EC5-394B-413A-860F-A85BE3CDA5F8}.Debug|iPhone.Build.0 = Debug|iPhone
		{DEFC4EC5-394B-413A-860F-A85BE3CDA5F8}.Debug|iPhone.Deploy.0 = Debug|iPhone
		{DEFC4EC5-394B-413A-860F-A85BE3CDA5F8}.Debug|iPhoneSimulator.ActiveCfg = Debug|iPhoneSimulator
		{DEFC4EC5-394B-413A-860F-A85BE3CDA5F8}.Debug|iPhoneSimulator.Build.0 = Debug|iPhoneSimulator
		{DEFC4EC5-394B-413A-860F-A85BE3CDA5F8}.Debug|iPhoneSimulator.Deploy.0 = Debug|iPhoneSimulator
		{DEFC4EC5-394B-413A-860F-A85BE3CDA5F8}.Release|Any CPU.ActiveCfg = Release|iPhone
		{DEFC4EC5-394B-413A-860F-A85BE3CDA5F8}.Release|Any CPU.Build.0 = Release|iPhone
		{DEFC4EC5-394B-413A-860F-A85BE3CDA5F8}.Release|Any CPU.Deploy.0 = Release|iPhone
		{DEFC4EC5-394B-413A-860F-A85BE3CDA5F8}.Release|iPhone.ActiveCfg = Release|iPhone
		{DEFC4EC5-394B-413A-860F-A85BE3CDA5F8}.Release|iPhone.Build.0 = Release|iPhone
		{DEFC4EC5-394B-413A-860F-A85BE3CDA5F8}.Release|iPhone.Deploy.0 = Release|iPhone
		{DEFC4EC5-394B-413A-860F-A85BE3CDA5F8}.Release|iPhoneSimulator.ActiveCfg = Release|iPhoneSimulator
		{DEFC4EC5-394B-413A-860F-A85BE3CDA5F8}.Release|iPhoneSimulator.Build.0 = Release|iPhoneSimulator
		{DEFC4EC5-394B-413A-860F-A85BE3CDA5F8}.Release|iPhoneSimulator.Deploy.0 = Release|iPhoneSimulator
		{EA9C87EF-1876-4FA8-BA9D-972ACCB7FAD1}.Debug|Any CPU.ActiveCfg = Debug|Any CPU
		{EA9C87EF-1876-4FA8-BA9D-972ACCB7FAD1}.Debug|Any CPU.Build.0 = Debug|Any CPU
		{EA9C87EF-1876-4FA8-BA9D-972ACCB7FAD1}.Debug|Any CPU.Deploy.0 = Debug|Any CPU
		{EA9C87EF-1876-4FA8-BA9D-972ACCB7FAD1}.Debug|iPhone.ActiveCfg = Debug|Any CPU
		{EA9C87EF-1876-4FA8-BA9D-972ACCB7FAD1}.Debug|iPhone.Build.0 = Debug|Any CPU
		{EA9C87EF-1876-4FA8-BA9D-972ACCB7FAD1}.Debug|iPhone.Deploy.0 = Debug|Any CPU
		{EA9C87EF-1876-4FA8-BA9D-972ACCB7FAD1}.Debug|iPhoneSimulator.ActiveCfg = Debug|Any CPU
		{EA9C87EF-1876-4FA8-BA9D-972ACCB7FAD1}.Debug|iPhoneSimulator.Build.0 = Debug|Any CPU
		{EA9C87EF-1876-4FA8-BA9D-972ACCB7FAD1}.Debug|iPhoneSimulator.Deploy.0 = Debug|Any CPU
		{EA9C87EF-1876-4FA8-BA9D-972ACCB7FAD1}.Release|Any CPU.ActiveCfg = Release|Any CPU
		{EA9C87EF-1876-4FA8-BA9D-972ACCB7FAD1}.Release|Any CPU.Build.0 = Release|Any CPU
		{EA9C87EF-1876-4FA8-BA9D-972ACCB7FAD1}.Release|Any CPU.Deploy.0 = Release|Any CPU
		{EA9C87EF-1876-4FA8-BA9D-972ACCB7FAD1}.Release|iPhone.ActiveCfg = Release|Any CPU
		{EA9C87EF-1876-4FA8-BA9D-972ACCB7FAD1}.Release|iPhone.Build.0 = Release|Any CPU
		{EA9C87EF-1876-4FA8-BA9D-972ACCB7FAD1}.Release|iPhone.Deploy.0 = Release|Any CPU
		{EA9C87EF-1876-4FA8-BA9D-972ACCB7FAD1}.Release|iPhoneSimulator.ActiveCfg = Release|Any CPU
		{EA9C87EF-1876-4FA8-BA9D-972ACCB7FAD1}.Release|iPhoneSimulator.Build.0 = Release|Any CPU
		{EA9C87EF-1876-4FA8-BA9D-972ACCB7FAD1}.Release|iPhoneSimulator.Deploy.0 = Release|Any CPU
	EndGlobalSection
	GlobalSection(SolutionProperties) = preSolution
		HideSolutionNode = FALSE
	EndGlobalSection
	GlobalSection(ExtensibilityGlobals) = postSolution
		SolutionGuid = {8532D5A0-E95F-4867-9863-95FA35FCB8C5}
	EndGlobalSection
EndGlobal
